
Microsoft Visual Studio Solution File, Format Version 12.00
# Visual Studio Version 16
VisualStudioVersion = 16.0.31424.327
MinimumVisualStudioVersion = 10.0.40219.1
Project("{9A19103F-16F7-4668-BE54-9A1E7A4F7556}") = "Fibonacci", "Fibonacci\Fibonacci.csproj", "{81004E6F-FB7E-48E1-A461-2696F92AABC7}"
EndProject
Project("{9A19103F-16F7-4668-BE54-9A1E7A4F7556}") = "GridTraveler", "GridTraveler\GridTraveler.csproj", "{83E6C348-6E99-4EDE-B535-EAB3B2971D80}"
EndProject
Project("{FAE04EC0-301F-11D3-BF4B-00C04F79EFBC}") = "CanSum", "CanSum\CanSum.csproj", "{015E61CF-6C74-4309-85C3-BA5F96A07866}"
EndProject
Global
	GlobalSection(SolutionConfigurationPlatforms) = preSolution
		Debug|Any CPU = Debug|Any CPU
		Release|Any CPU = Release|Any CPU
	EndGlobalSection
	GlobalSection(ProjectConfigurationPlatforms) = postSolution
		{81004E6F-FB7E-48E1-A461-2696F92AABC7}.Debug|Any CPU.ActiveCfg = Debug|Any CPU
		{81004E6F-FB7E-48E1-A461-2696F92AABC7}.Debug|Any CPU.Build.0 = Debug|Any CPU
		{81004E6F-FB7E-48E1-A461-2696F92AABC7}.Release|Any CPU.ActiveCfg = Release|Any CPU
		{81004E6F-FB7E-48E1-A461-2696F92AABC7}.Release|Any CPU.Build.0 = Release|Any CPU
		{83E6C348-6E99-4EDE-B535-EAB3B2971D80}.Debug|Any CPU.ActiveCfg = Debug|Any CPU
		{83E6C348-6E99-4EDE-B535-EAB3B2971D80}.Debug|Any CPU.Build.0 = Debug|Any CPU
		{83E6C348-6E99-4EDE-B535-EAB3B2971D80}.Release|Any CPU.ActiveCfg = Release|Any CPU
		{83E6C348-6E99-4EDE-B535-EAB3B2971D80}.Release|Any CPU.Build.0 = Release|Any CPU
		{015E61CF-6C74-4309-85C3-BA5F96A07866}.Debug|Any CPU.ActiveCfg = Debug|Any CPU
		{015E61CF-6C74-4309-85C3-BA5F96A07866}.Debug|Any CPU.Build.0 = Debug|Any CPU
		{015E61CF-6C74-4309-85C3-BA5F96A07866}.Release|Any CPU.ActiveCfg = Release|Any CPU
		{015E61CF-6C74-4309-85C3-BA5F96A07866}.Release|Any CPU.Build.0 = Release|Any CPU
	EndGlobalSection
	GlobalSection(SolutionProperties) = preSolution
		HideSolutionNode = FALSE
	EndGlobalSection
	GlobalSection(ExtensibilityGlobals) = postSolution
		SolutionGuid = {AB4899DC-9F40-40DC-A172-DC7E6C18DAC3}
	EndGlobalSection
EndGlobal
